
Microsoft Visual Studio Solution File, Format Version 12.00
# Visual Studio Version 17
VisualStudioVersion = 17.1.32421.90
MinimumVisualStudioVersion = 10.0.40219.1
Project("{FAE04EC0-301F-11D3-BF4B-00C04F79EFBC}") = "Crud_Method", "Crud_Method\Crud_Method.csproj", "{1AE70BAA-7D9D-4300-B47F-18168ED34E0C}"
EndProject
Global
	GlobalSection(SolutionConfigurationPlatforms) = preSolution
		Debug|Any CPU = Debug|Any CPU
		Release|Any CPU = Release|Any CPU
	EndGlobalSection
	GlobalSection(ProjectConfigurationPlatforms) = postSolution
		{1AE70BAA-7D9D-4300-B47F-18168ED34E0C}.Debug|Any CPU.ActiveCfg = Debug|Any CPU
		{1AE70BAA-7D9D-4300-B47F-18168ED34E0C}.Debug|Any CPU.Build.0 = Debug|Any CPU
		{1AE70BAA-7D9D-4300-B47F-18168ED34E0C}.Release|Any CPU.ActiveCfg = Release|Any CPU
		{1AE70BAA-7D9D-4300-B47F-18168ED34E0C}.Release|Any CPU.Build.0 = Release|Any CPU
	EndGlobalSection
	GlobalSection(SolutionProperties) = preSolution
		HideSolutionNode = FALSE
	EndGlobalSection
	GlobalSection(ExtensibilityGlobals) = postSolution
		SolutionGuid = {7FF408D3-2C0D-45C4-A59E-D05C592C6410}
	EndGlobalSection
EndGlobal
